
Microsoft Visual Studio Solution File, Format Version 12.00
# Visual Studio Version 17
VisualStudioVersion = 17.4.33122.133
MinimumVisualStudioVersion = 10.0.40219.1
Project("{FAE04EC0-301F-11D3-BF4B-00C04F79EFBC}") = "KitsGade", "KitsGade.csproj", "{AA19195E-3B7E-4986-A1C9-C8980DA8DC1C}"
EndProject
Global
	GlobalSection(SolutionConfigurationPlatforms) = preSolution
		Debug|Any CPU = Debug|Any CPU
		Release|Any CPU = Release|Any CPU
	EndGlobalSection
	GlobalSection(ProjectConfigurationPlatforms) = postSolution
		{AA19195E-3B7E-4986-A1C9-C8980DA8DC1C}.Debug|Any CPU.ActiveCfg = Debug|Any CPU
		{AA19195E-3B7E-4986-A1C9-C8980DA8DC1C}.Debug|Any CPU.Build.0 = Debug|Any CPU
		{AA19195E-3B7E-4986-A1C9-C8980DA8DC1C}.Release|Any CPU.ActiveCfg = Release|Any CPU
		{AA19195E-3B7E-4986-A1C9-C8980DA8DC1C}.Release|Any CPU.Build.0 = Release|Any CPU
	EndGlobalSection
	GlobalSection(SolutionProperties) = preSolution
		HideSolutionNode = FALSE
	EndGlobalSection
	GlobalSection(ExtensibilityGlobals) = postSolution
		SolutionGuid = {E69E83BB-45B6-41BD-B1CC-D9A72C1C021E}
	EndGlobalSection
EndGlobal
